
Microsoft Visual Studio Solution File, Format Version 12.00
# Visual Studio Version 16
VisualStudioVersion = 16.0.31112.23
MinimumVisualStudioVersion = 10.0.40219.1
Project("{FAE04EC0-301F-11D3-BF4B-00C04F79EFBC}") = "App", "App\App.csproj", "{803DEB99-24F7-4E81-95B7-F1DCA1497713}"
EndProject
Project("{FAE04EC0-301F-11D3-BF4B-00C04F79EFBC}") = "AppTests", "AppTests\AppTests.csproj", "{FCBF2285-E6E9-46C1-A65D-27C771BF1B44}"
EndProject
Global
	GlobalSection(SolutionConfigurationPlatforms) = preSolution
		Debug|Any CPU = Debug|Any CPU
		Release|Any CPU = Release|Any CPU
	EndGlobalSection
	GlobalSection(ProjectConfigurationPlatforms) = postSolution
		{803DEB99-24F7-4E81-95B7-F1DCA1497713}.Debug|Any CPU.ActiveCfg = Debug|Any CPU
		{803DEB99-24F7-4E81-95B7-F1DCA1497713}.Debug|Any CPU.Build.0 = Debug|Any CPU
		{803DEB99-24F7-4E81-95B7-F1DCA1497713}.Release|Any CPU.ActiveCfg = Release|Any CPU
		{803DEB99-24F7-4E81-95B7-F1DCA1497713}.Release|Any CPU.Build.0 = Release|Any CPU
		{FCBF2285-E6E9-46C1-A65D-27C771BF1B44}.Debug|Any CPU.ActiveCfg = Debug|Any CPU
		{FCBF2285-E6E9-46C1-A65D-27C771BF1B44}.Debug|Any CPU.Build.0 = Debug|Any CPU
		{FCBF2285-E6E9-46C1-A65D-27C771BF1B44}.Release|Any CPU.ActiveCfg = Release|Any CPU
		{FCBF2285-E6E9-46C1-A65D-27C771BF1B44}.Release|Any CPU.Build.0 = Release|Any CPU
	EndGlobalSection
	GlobalSection(SolutionProperties) = preSolution
		HideSolutionNode = FALSE
	EndGlobalSection
	GlobalSection(ExtensibilityGlobals) = postSolution
		SolutionGuid = {0C9E1CFC-E791-470D-8730-EF1BC5E8114C}
	EndGlobalSection
EndGlobal
